
Microsoft Visual Studio Solution File, Format Version 12.00
# Visual Studio Version 17
VisualStudioVersion = 17.5.33530.505
MinimumVisualStudioVersion = 10.0.40219.1
Project("{00D1A9C2-B5F0-4AF3-8072-F6C62B433612}") = "Database1", "Database1\Database1.sqlproj", "{66B15608-3A1F-48A2-BC2F-C25C94C1C676}"
EndProject
Global
	GlobalSection(SolutionConfigurationPlatforms) = preSolution
		Debug|Any CPU = Debug|Any CPU
		Release|Any CPU = Release|Any CPU
	EndGlobalSection
	GlobalSection(ProjectConfigurationPlatforms) = postSolution
		{66B15608-3A1F-48A2-BC2F-C25C94C1C676}.Debug|Any CPU.ActiveCfg = Debug|Any CPU
		{66B15608-3A1F-48A2-BC2F-C25C94C1C676}.Debug|Any CPU.Build.0 = Debug|Any CPU
		{66B15608-3A1F-48A2-BC2F-C25C94C1C676}.Debug|Any CPU.Deploy.0 = Debug|Any CPU
		{66B15608-3A1F-48A2-BC2F-C25C94C1C676}.Release|Any CPU.ActiveCfg = Release|Any CPU
		{66B15608-3A1F-48A2-BC2F-C25C94C1C676}.Release|Any CPU.Build.0 = Release|Any CPU
		{66B15608-3A1F-48A2-BC2F-C25C94C1C676}.Release|Any CPU.Deploy.0 = Release|Any CPU
	EndGlobalSection
	GlobalSection(SolutionProperties) = preSolution
		HideSolutionNode = FALSE
	EndGlobalSection
	GlobalSection(ExtensibilityGlobals) = postSolution
		SolutionGuid = {1028D904-B56E-45C3-B02D-2E47887C2225}
	EndGlobalSection
EndGlobal
